
Microsoft Visual Studio Solution File, Format Version 12.00
# Visual Studio Version 17
VisualStudioVersion = 17.0.31903.59
MinimumVisualStudioVersion = 10.0.40219.1
Project("{2150E333-8FDC-42A3-9474-1A3956D46DE8}") = "src", "src", "{827E0CD3-B72D-47B6-A68D-7590B98EB39B}"
EndProject
Project("{2150E333-8FDC-42A3-9474-1A3956D46DE8}") = "1-Gateways", "1-Gateways", "{2CEC881B-AF31-ED73-E6AF-C36B1742B43E}"
EndProject
Project("{2150E333-8FDC-42A3-9474-1A3956D46DE8}") = "ApiGateway", "ApiGateway", "{B94D8A0E-866F-BF95-0A61-B46ADE98C806}"
EndProject
Project("{FAE04EC0-301F-11D3-BF4B-00C04F79EFBC}") = "PagueVeloz.ApiGateway", "src\1-Gateways\ApiGateway\PagueVeloz.ApiGateway.csproj", "{346330DA-B007-4981-9DD3-3B7E144AB72B}"
EndProject
Project("{2150E333-8FDC-42A3-9474-1A3956D46DE8}") = "3-Crosscutting", "3-Crosscutting", "{D339CCB9-7C63-2786-9C0A-F42838902603}"
EndProject
Project("{2150E333-8FDC-42A3-9474-1A3956D46DE8}") = "Eventos", "Eventos", "{F375060F-0ED0-A804-BF56-D775E198299A}"
EndProject
Project("{FAE04EC0-301F-11D3-BF4B-00C04F79EFBC}") = "PagueVeloz.Eventos", "src\3-Crosscutting\Eventos\PagueVeloz.Eventos.csproj", "{1BDF75C8-4D7F-4CDD-89CC-6C03F516648D}"
EndProject
Project("{2150E333-8FDC-42A3-9474-1A3956D46DE8}") = "2-Servicos", "2-Servicos", "{248C09D6-89A3-0D67-0359-A0E32E3ACF95}"
EndProject
Project("{2150E333-8FDC-42A3-9474-1A3956D46DE8}") = "Contas.API", "Contas.API", "{61E06EE1-9ABB-3729-4441-F53CD38E8A30}"
EndProject
Project("{FAE04EC0-301F-11D3-BF4B-00C04F79EFBC}") = "PagueVeloz.Contas.Api", "src\2-Servicos\Contas.API\PagueVeloz.Contas.Api\PagueVeloz.Contas.Api.csproj", "{184BEF36-B9F6-4C7E-8BB3-5843BD48FBDC}"
EndProject
Project("{FAE04EC0-301F-11D3-BF4B-00C04F79EFBC}") = "PagueVeloz.Contas.Aplicacao", "src\2-Servicos\Contas.API\PagueVeloz.Contas.Aplicacao\PagueVeloz.Contas.Aplicacao.csproj", "{72E038BF-8D2B-408F-8F5B-89FEDB5FF471}"
EndProject
Project("{FAE04EC0-301F-11D3-BF4B-00C04F79EFBC}") = "PagueVeloz.Contas.Dominio", "src\2-Servicos\Contas.API\PagueVeloz.Contas.Dominio\PagueVeloz.Contas.Dominio.csproj", "{5D83E94B-9E63-468A-BB64-2C4F586116B0}"
EndProject
Project("{FAE04EC0-301F-11D3-BF4B-00C04F79EFBC}") = "PagueVeloz.Contas.Infra", "src\2-Servicos\Contas.API\PagueVeloz.Contas.Infra\PagueVeloz.Contas.Infra.csproj", "{9519C499-5F55-484D-9F9B-38CA0A9A8B1A}"
EndProject
Project("{2150E333-8FDC-42A3-9474-1A3956D46DE8}") = "CoreFinanceiro.API", "CoreFinanceiro.API", "{CDEF08B2-1A22-759D-90A0-EEB4677F3C88}"
EndProject
Project("{FAE04EC0-301F-11D3-BF4B-00C04F79EFBC}") = "PagueVeloz.CoreFinanceiro.Api", "src\2-Servicos\CoreFinanceiro.API\PagueVeloz.CoreFinanceiro.Api\PagueVeloz.CoreFinanceiro.Api.csproj", "{7B877E12-0A6D-4FA3-B638-D33E5CA2E879}"
EndProject
Project("{FAE04EC0-301F-11D3-BF4B-00C04F79EFBC}") = "PagueVeloz.CoreFinanceiro.Aplicacao", "src\2-Servicos\CoreFinanceiro.API\PagueVeloz.CoreFinanceiro.Aplicacao\PagueVeloz.CoreFinanceiro.Aplicacao.csproj", "{7114BF16-73A6-4A63-BF24-2BBF9381EA4C}"
EndProject
Project("{FAE04EC0-301F-11D3-BF4B-00C04F79EFBC}") = "PagueVeloz.CoreFinanceiro.Dominio", "src\2-Servicos\CoreFinanceiro.API\PagueVeloz.CoreFinanceiro.Dominio\PagueVeloz.CoreFinanceiro.Dominio.csproj", "{8B99B2A0-187D-446A-B8F5-725F269851A9}"
EndProject
Project("{FAE04EC0-301F-11D3-BF4B-00C04F79EFBC}") = "PagueVeloz.CoreFinanceiro.Infra", "src\2-Servicos\CoreFinanceiro.API\PagueVeloz.CoreFinanceiro.Infra\PagueVeloz.CoreFinanceiro.Infra.csproj", "{AD5331A0-A729-4932-952B-D6B2D20672E4}"
EndProject
Project("{2150E333-8FDC-42A3-9474-1A3956D46DE8}") = "Transferencias.API", "Transferencias.API", "{EC936560-87C0-5F9E-EDCB-069D3A6E7A19}"
EndProject
Project("{FAE04EC0-301F-11D3-BF4B-00C04F79EFBC}") = "PagueVeloz.Transferencias.Api", "src\2-Servicos\Transferencias.API\PagueVeloz.Transferencias.Api\PagueVeloz.Transferencias.Api.csproj", "{4322D201-ACC3-4701-A79D-980F3EF71058}"
EndProject
Project("{FAE04EC0-301F-11D3-BF4B-00C04F79EFBC}") = "PagueVeloz.Transferencias.Aplicacao", "src\2-Servicos\Transferencias.API\PagueVeloz.Transferencias.Aplicacao\PagueVeloz.Transferencias.Aplicacao.csproj", "{CEF3AAEC-88AA-485A-8BE6-8E48E40FA9D1}"
EndProject
Project("{FAE04EC0-301F-11D3-BF4B-00C04F79EFBC}") = "PagueVeloz.Transferencias.Dominio", "src\2-Servicos\Transferencias.API\PagueVeloz.Transferencias.Dominio\PagueVeloz.Transferencias.Dominio.csproj", "{12950C6D-CE04-4290-9E91-360CBB4FC475}"
EndProject
Project("{FAE04EC0-301F-11D3-BF4B-00C04F79EFBC}") = "PagueVeloz.Transferencias.Infra", "src\2-Servicos\Transferencias.API\PagueVeloz.Transferencias.Infra\PagueVeloz.Transferencias.Infra.csproj", "{7036C133-8402-4ECA-8547-5A926AF6B40C}"
EndProject
Global
	GlobalSection(SolutionConfigurationPlatforms) = preSolution
		Debug|Any CPU = Debug|Any CPU
		Debug|x64 = Debug|x64
		Debug|x86 = Debug|x86
		Release|Any CPU = Release|Any CPU
		Release|x64 = Release|x64
		Release|x86 = Release|x86
	EndGlobalSection
	GlobalSection(ProjectConfigurationPlatforms) = postSolution
		{346330DA-B007-4981-9DD3-3B7E144AB72B}.Debug|Any CPU.ActiveCfg = Debug|Any CPU
		{346330DA-B007-4981-9DD3-3B7E144AB72B}.Debug|Any CPU.Build.0 = Debug|Any CPU
		{346330DA-B007-4981-9DD3-3B7E144AB72B}.Debug|x64.ActiveCfg = Debug|Any CPU
		{346330DA-B007-4981-9DD3-3B7E144AB72B}.Debug|x64.Build.0 = Debug|Any CPU
		{346330DA-B007-4981-9DD3-3B7E144AB72B}.Debug|x86.ActiveCfg = Debug|Any CPU
		{346330DA-B007-4981-9DD3-3B7E144AB72B}.Debug|x86.Build.0 = Debug|Any CPU
		{346330DA-B007-4981-9DD3-3B7E144AB72B}.Release|Any CPU.ActiveCfg = Release|Any CPU
		{346330DA-B007-4981-9DD3-3B7E144AB72B}.Release|Any CPU.Build.0 = Release|Any CPU
		{346330DA-B007-4981-9DD3-3B7E144AB72B}.Release|x64.ActiveCfg = Release|Any CPU
		{346330DA-B007-4981-9DD3-3B7E144AB72B}.Release|x64.Build.0 = Release|Any CPU
		{346330DA-B007-4981-9DD3-3B7E144AB72B}.Release|x86.ActiveCfg = Release|Any CPU
		{346330DA-B007-4981-9DD3-3B7E144AB72B}.Release|x86.Build.0 = Release|Any CPU
		{1BDF75C8-4D7F-4CDD-89CC-6C03F516648D}.Debug|Any CPU.ActiveCfg = Debug|Any CPU
		{1BDF75C8-4D7F-4CDD-89CC-6C03F516648D}.Debug|Any CPU.Build.0 = Debug|Any CPU
		{1BDF75C8-4D7F-4CDD-89CC-6C03F516648D}.Debug|x64.ActiveCfg = Debug|Any CPU
		{1BDF75C8-4D7F-4CDD-89CC-6C03F516648D}.Debug|x64.Build.0 = Debug|Any CPU
		{1BDF75C8-4D7F-4CDD-89CC-6C03F516648D}.Debug|x86.ActiveCfg = Debug|Any CPU
		{1BDF75C8-4D7F-4CDD-89CC-6C03F516648D}.Debug|x86.Build.0 = Debug|Any CPU
		{1BDF75C8-4D7F-4CDD-89CC-6C03F516648D}.Release|Any CPU.ActiveCfg = Release|Any CPU
		{1BDF75C8-4D7F-4CDD-89CC-6C03F516648D}.Release|Any CPU.Build.0 = Release|Any CPU
		{1BDF75C8-4D7F-4CDD-89CC-6C03F516648D}.Release|x64.ActiveCfg = Release|Any CPU
		{1BDF75C8-4D7F-4CDD-89CC-6C03F516648D}.Release|x64.Build.0 = Release|Any CPU
		{1BDF75C8-4D7F-4CDD-89CC-6C03F516648D}.Release|x86.ActiveCfg = Release|Any CPU
		{1BDF75C8-4D7F-4CDD-89CC-6C03F516648D}.Release|x86.Build.0 = Release|Any CPU
		{184BEF36-B9F6-4C7E-8BB3-5843BD48FBDC}.Debug|Any CPU.ActiveCfg = Debug|Any CPU
		{184BEF36-B9F6-4C7E-8BB3-5843BD48FBDC}.Debug|Any CPU.Build.0 = Debug|Any CPU
		{184BEF36-B9F6-4C7E-8BB3-5843BD48FBDC}.Debug|x64.ActiveCfg = Debug|Any CPU
		{184BEF36-B9F6-4C7E-8BB3-5843BD48FBDC}.Debug|x64.Build.0 = Debug|Any CPU
		{184BEF36-B9F6-4C7E-8BB3-5843BD48FBDC}.Debug|x86.ActiveCfg = Debug|Any CPU
		{184BEF36-B9F6-4C7E-8BB3-5843BD48FBDC}.Debug|x86.Build.0 = Debug|Any CPU
		{184BEF36-B9F6-4C7E-8BB3-5843BD48FBDC}.Release|Any CPU.ActiveCfg = Release|Any CPU
		{184BEF36-B9F6-4C7E-8BB3-5843BD48FBDC}.Release|Any CPU.Build.0 = Release|Any CPU
		{184BEF36-B9F6-4C7E-8BB3-5843BD48FBDC}.Release|x64.ActiveCfg = Release|Any CPU
		{184BEF36-B9F6-4C7E-8BB3-5843BD48FBDC}.Release|x64.Build.0 = Release|Any CPU
		{184BEF36-B9F6-4C7E-8BB3-5843BD48FBDC}.Release|x86.ActiveCfg = Release|Any CPU
		{184BEF36-B9F6-4C7E-8BB3-5843BD48FBDC}.Release|x86.Build.0 = Release|Any CPU
		{72E038BF-8D2B-408F-8F5B-89FEDB5FF471}.Debug|Any CPU.ActiveCfg = Debug|Any CPU
		{72E038BF-8D2B-408F-8F5B-89FEDB5FF471}.Debug|Any CPU.Build.0 = Debug|Any CPU
		{72E038BF-8D2B-408F-8F5B-89FEDB5FF471}.Debug|x64.ActiveCfg = Debug|Any CPU
		{72E038BF-8D2B-408F-8F5B-89FEDB5FF471}.Debug|x64.Build.0 = Debug|Any CPU
		{72E038BF-8D2B-408F-8F5B-89FEDB5FF471}.Debug|x86.ActiveCfg = Debug|Any CPU
		{72E038BF-8D2B-408F-8F5B-89FEDB5FF471}.Debug|x86.Build.0 = Debug|Any CPU
		{72E038BF-8D2B-408F-8F5B-89FEDB5FF471}.Release|Any CPU.ActiveCfg = Release|Any CPU
		{72E038BF-8D2B-408F-8F5B-89FEDB5FF471}.Release|Any CPU.Build.0 = Release|Any CPU
		{72E038BF-8D2B-408F-8F5B-89FEDB5FF471}.Release|x64.ActiveCfg = Release|Any CPU
		{72E038BF-8D2B-408F-8F5B-89FEDB5FF471}.Release|x64.Build.0 = Release|Any CPU
		{72E038BF-8D2B-408F-8F5B-89FEDB5FF471}.Release|x86.ActiveCfg = Release|Any CPU
		{72E038BF-8D2B-408F-8F5B-89FEDB5FF471}.Release|x86.Build.0 = Release|Any CPU
		{5D83E94B-9E63-468A-BB64-2C4F586116B0}.Debug|Any CPU.ActiveCfg = Debug|Any CPU
		{5D83E94B-9E63-468A-BB64-2C4F586116B0}.Debug|Any CPU.Build.0 = Debug|Any CPU
		{5D83E94B-9E63-468A-BB64-2C4F586116B0}.Debug|x64.ActiveCfg = Debug|Any CPU
		{5D83E94B-9E63-468A-BB64-2C4F586116B0}.Debug|x64.Build.0 = Debug|Any CPU
		{5D83E94B-9E63-468A-BB64-2C4F586116B0}.Debug|x86.ActiveCfg = Debug|Any CPU
		{5D83E94B-9E63-468A-BB64-2C4F586116B0}.Debug|x86.Build.0 = Debug|Any CPU
		{5D83E94B-9E63-468A-BB64-2C4F586116B0}.Release|Any CPU.ActiveCfg = Release|Any CPU
		{5D83E94B-9E63-468A-BB64-2C4F586116B0}.Release|Any CPU.Build.0 = Release|Any CPU
		{5D83E94B-9E63-468A-BB64-2C4F586116B0}.Release|x64.ActiveCfg = Release|Any CPU
		{5D83E94B-9E63-468A-BB64-2C4F586116B0}.Release|x64.Build.0 = Release|Any CPU
		{5D83E94B-9E63-468A-BB64-2C4F586116B0}.Release|x86.ActiveCfg = Release|Any CPU
		{5D83E94B-9E63-468A-BB64-2C4F586116B0}.Release|x86.Build.0 = Release|Any CPU
		{9519C499-5F55-484D-9F9B-38CA0A9A8B1A}.Debug|Any CPU.ActiveCfg = Debug|Any CPU
		{9519C499-5F55-484D-9F9B-38CA0A9A8B1A}.Debug|Any CPU.Build.0 = Debug|Any CPU
		{9519C499-5F55-484D-9F9B-38CA0A9A8B1A}.Debug|x64.ActiveCfg = Debug|Any CPU
		{9519C499-5F55-484D-9F9B-38CA0A9A8B1A}.Debug|x64.Build.0 = Debug|Any CPU
		{9519C499-5F55-484D-9F9B-38CA0A9A8B1A}.Debug|x86.ActiveCfg = Debug|Any CPU
		{9519C499-5F55-484D-9F9B-38CA0A9A8B1A}.Debug|x86.Build.0 = Debug|Any CPU
		{9519C499-5F55-484D-9F9B-38CA0A9A8B1A}.Release|Any CPU.ActiveCfg = Release|Any CPU
		{9519C499-5F55-484D-9F9B-38CA0A9A8B1A}.Release|Any CPU.Build.0 = Release|Any CPU
		{9519C499-5F55-484D-9F9B-38CA0A9A8B1A}.Release|x64.ActiveCfg = Release|Any CPU
		{9519C499-5F55-484D-9F9B-38CA0A9A8B1A}.Release|x64.Build.0 = Release|Any CPU
		{9519C499-5F55-484D-9F9B-38CA0A9A8B1A}.Release|x86.ActiveCfg = Release|Any CPU
		{9519C499-5F55-484D-9F9B-38CA0A9A8B1A}.Release|x86.Build.0 = Release|Any CPU
		{7B877E12-0A6D-4FA3-B638-D33E5CA2E879}.Debug|Any CPU.ActiveCfg = Debug|Any CPU
		{7B877E12-0A6D-4FA3-B638-D33E5CA2E879}.Debug|Any CPU.Build.0 = Debug|Any CPU
		{7B877E12-0A6D-4FA3-B638-D33E5CA2E879}.Debug|x64.ActiveCfg = Debug|Any CPU
		{7B877E12-0A6D-4FA3-B638-D33E5CA2E879}.Debug|x64.Build.0 = Debug|Any CPU
		{7B877E12-0A6D-4FA3-B638-D33E5CA2E879}.Debug|x86.ActiveCfg = Debug|Any CPU
		{7B877E12-0A6D-4FA3-B638-D33E5CA2E879}.Debug|x86.Build.0 = Debug|Any CPU
		{7B877E12-0A6D-4FA3-B638-D33E5CA2E879}.Release|Any CPU.ActiveCfg = Release|Any CPU
		{7B877E12-0A6D-4FA3-B638-D33E5CA2E879}.Release|Any CPU.Build.0 = Release|Any CPU
		{7B877E12-0A6D-4FA3-B638-D33E5CA2E879}.Release|x64.ActiveCfg = Release|Any CPU
		{7B877E12-0A6D-4FA3-B638-D33E5CA2E879}.Release|x64.Build.0 = Release|Any CPU
		{7B877E12-0A6D-4FA3-B638-D33E5CA2E879}.Release|x86.ActiveCfg = Release|Any CPU
		{7B877E12-0A6D-4FA3-B638-D33E5CA2E879}.Release|x86.Build.0 = Release|Any CPU
		{7114BF16-73A6-4A63-BF24-2BBF9381EA4C}.Debug|Any CPU.ActiveCfg = Debug|Any CPU
		{7114BF16-73A6-4A63-BF24-2BBF9381EA4C}.Debug|Any CPU.Build.0 = Debug|Any CPU
		{7114BF16-73A6-4A63-BF24-2BBF9381EA4C}.Debug|x64.ActiveCfg = Debug|Any CPU
		{7114BF16-73A6-4A63-BF24-2BBF9381EA4C}.Debug|x64.Build.0 = Debug|Any CPU
		{7114BF16-73A6-4A63-BF24-2BBF9381EA4C}.Debug|x86.ActiveCfg = Debug|Any CPU
		{7114BF16-73A6-4A63-BF24-2BBF9381EA4C}.Debug|x86.Build.0 = Debug|Any CPU
		{7114BF16-73A6-4A63-BF24-2BBF9381EA4C}.Release|Any CPU.ActiveCfg = Release|Any CPU
		{7114BF16-73A6-4A63-BF24-2BBF9381EA4C}.Release|Any CPU.Build.0 = Release|Any CPU
		{7114BF16-73A6-4A63-BF24-2BBF9381EA4C}.Release|x64.ActiveCfg = Release|Any CPU
		{7114BF16-73A6-4A63-BF24-2BBF9381EA4C}.Release|x64.Build.0 = Release|Any CPU
		{7114BF16-73A6-4A63-BF24-2BBF9381EA4C}.Release|x86.ActiveCfg = Release|Any CPU
		{7114BF16-73A6-4A63-BF24-2BBF9381EA4C}.Release|x86.Build.0 = Release|Any CPU
		{8B99B2A0-187D-446A-B8F5-725F269851A9}.Debug|Any CPU.ActiveCfg = Debug|Any CPU
		{8B99B2A0-187D-446A-B8F5-725F269851A9}.Debug|Any CPU.Build.0 = Debug|Any CPU
		{8B99B2A0-187D-446A-B8F5-725F269851A9}.Debug|x64.ActiveCfg = Debug|Any CPU
		{8B99B2A0-187D-446A-B8F5-725F269851A9}.Debug|x64.Build.0 = Debug|Any CPU
		{8B99B2A0-187D-446A-B8F5-725F269851A9}.Debug|x86.ActiveCfg = Debug|Any CPU
		{8B99B2A0-187D-446A-B8F5-725F269851A9}.Debug|x86.Build.0 = Debug|Any CPU
		{8B99B2A0-187D-446A-B8F5-725F269851A9}.Release|Any CPU.ActiveCfg = Release|Any CPU
		{8B99B2A0-187D-446A-B8F5-725F269851A9}.Release|Any CPU.Build.0 = Release|Any CPU
		{8B99B2A0-187D-446A-B8F5-725F269851A9}.Release|x64.ActiveCfg = Release|Any CPU
		{8B99B2A0-187D-446A-B8F5-725F269851A9}.Release|x64.Build.0 = Release|Any CPU
		{8B99B2A0-187D-446A-B8F5-725F269851A9}.Release|x86.ActiveCfg = Release|Any CPU
		{8B99B2A0-187D-446A-B8F5-725F269851A9}.Release|x86.Build.0 = Release|Any CPU
		{AD5331A0-A729-4932-952B-D6B2D20672E4}.Debug|Any CPU.ActiveCfg = Debug|Any CPU
		{AD5331A0-A729-4932-952B-D6B2D20672E4}.Debug|Any CPU.Build.0 = Debug|Any CPU
		{AD5331A0-A729-4932-952B-D6B2D20672E4}.Debug|x64.ActiveCfg = Debug|Any CPU
		{AD5331A0-A729-4932-952B-D6B2D20672E4}.Debug|x64.Build.0 = Debug|Any CPU
		{AD5331A0-A729-4932-952B-D6B2D20672E4}.Debug|x86.ActiveCfg = Debug|Any CPU
		{AD5331A0-A729-4932-952B-D6B2D20672E4}.Debug|x86.Build.0 = Debug|Any CPU
		{AD5331A0-A729-4932-952B-D6B2D20672E4}.Release|Any CPU.ActiveCfg = Release|Any CPU
		{AD5331A0-A729-4932-952B-D6B2D20672E4}.Release|Any CPU.Build.0 = Release|Any CPU
		{AD5331A0-A729-4932-952B-D6B2D20672E4}.Release|x64.ActiveCfg = Release|Any CPU
		{AD5331A0-A729-4932-952B-D6B2D20672E4}.Release|x64.Build.0 = Release|Any CPU
		{AD5331A0-A729-4932-952B-D6B2D20672E4}.Release|x86.ActiveCfg = Release|Any CPU
		{AD5331A0-A729-4932-952B-D6B2D20672E4}.Release|x86.Build.0 = Release|Any CPU
		{4322D201-ACC3-4701-A79D-980F3EF71058}.Debug|Any CPU.ActiveCfg = Debug|Any CPU
		{4322D201-ACC3-4701-A79D-980F3EF71058}.Debug|Any CPU.Build.0 = Debug|Any CPU
		{4322D201-ACC3-4701-A79D-980F3EF71058}.Debug|x64.ActiveCfg = Debug|Any CPU
		{4322D201-ACC3-4701-A79D-980F3EF71058}.Debug|x64.Build.0 = Debug|Any CPU
		{4322D201-ACC3-4701-A79D-980F3EF71058}.Debug|x86.ActiveCfg = Debug|Any CPU
		{4322D201-ACC3-4701-A79D-980F3EF71058}.Debug|x86.Build.0 = Debug|Any CPU
		{4322D201-ACC3-4701-A79D-980F3EF71058}.Release|Any CPU.ActiveCfg = Release|Any CPU
		{4322D201-ACC3-4701-A79D-980F3EF71058}.Release|Any CPU.Build.0 = Release|Any CPU
		{4322D201-ACC3-4701-A79D-980F3EF71058}.Release|x64.ActiveCfg = Release|Any CPU
		{4322D201-ACC3-4701-A79D-980F3EF71058}.Release|x64.Build.0 = Release|Any CPU
		{4322D201-ACC3-4701-A79D-980F3EF71058}.Release|x86.ActiveCfg = Release|Any CPU
		{4322D201-ACC3-4701-A79D-980F3EF71058}.Release|x86.Build.0 = Release|Any CPU
		{CEF3AAEC-88AA-485A-8BE6-8E48E40FA9D1}.Debug|Any CPU.ActiveCfg = Debug|Any CPU
		{CEF3AAEC-88AA-485A-8BE6-8E48E40FA9D1}.Debug|Any CPU.Build.0 = Debug|Any CPU
		{CEF3AAEC-88AA-485A-8BE6-8E48E40FA9D1}.Debug|x64.ActiveCfg = Debug|Any CPU
		{CEF3AAEC-88AA-485A-8BE6-8E48E40FA9D1}.Debug|x64.Build.0 = Debug|Any CPU
		{CEF3AAEC-88AA-485A-8BE6-8E48E40FA9D1}.Debug|x86.ActiveCfg = Debug|Any CPU
		{CEF3AAEC-88AA-485A-8BE6-8E48E40FA9D1}.Debug|x86.Build.0 = Debug|Any CPU
		{CEF3AAEC-88AA-485A-8BE6-8E48E40FA9D1}.Release|Any CPU.ActiveCfg = Release|Any CPU
		{CEF3AAEC-88AA-485A-8BE6-8E48E40FA9D1}.Release|Any CPU.Build.0 = Release|Any CPU
		{CEF3AAEC-88AA-485A-8BE6-8E48E40FA9D1}.Release|x64.ActiveCfg = Release|Any CPU
		{CEF3AAEC-88AA-485A-8BE6-8E48E40FA9D1}.Release|x64.Build.0 = Release|Any CPU
		{CEF3AAEC-88AA-485A-8BE6-8E48E40FA9D1}.Release|x86.ActiveCfg = Release|Any CPU
		{CEF3AAEC-88AA-485A-8BE6-8E48E40FA9D1}.Release|x86.Build.0 = Release|Any CPU
		{12950C6D-CE04-4290-9E91-360CBB4FC475}.Debug|Any CPU.ActiveCfg = Debug|Any CPU
		{12950C6D-CE04-4290-9E91-360CBB4FC475}.Debug|Any CPU.Build.0 = Debug|Any CPU
		{12950C6D-CE04-4290-9E91-360CBB4FC475}.Debug|x64.ActiveCfg = Debug|Any CPU
		{12950C6D-CE04-4290-9E91-360CBB4FC475}.Debug|x64.Build.0 = Debug|Any CPU
		{12950C6D-CE04-4290-9E91-360CBB4FC475}.Debug|x86.ActiveCfg = Debug|Any CPU
		{12950C6D-CE04-4290-9E91-360CBB4FC475}.Debug|x86.Build.0 = Debug|Any CPU
		{12950C6D-CE04-4290-9E91-360CBB4FC475}.Release|Any CPU.ActiveCfg = Release|Any CPU
		{12950C6D-CE04-4290-9E91-360CBB4FC475}.Release|Any CPU.Build.0 = Release|Any CPU
		{12950C6D-CE04-4290-9E91-360CBB4FC475}.Release|x64.ActiveCfg = Release|Any CPU
		{12950C6D-CE04-4290-9E91-360CBB4FC475}.Release|x64.Build.0 = Release|Any CPU
		{12950C6D-CE04-4290-9E91-360CBB4FC475}.Release|x86.ActiveCfg = Release|Any CPU
		{12950C6D-CE04-4290-9E91-360CBB4FC475}.Release|x86.Build.0 = Release|Any CPU
		{7036C133-8402-4ECA-8547-5A926AF6B40C}.Debug|Any CPU.ActiveCfg = Debug|Any CPU
		{7036C133-8402-4ECA-8547-5A926AF6B40C}.Debug|Any CPU.Build.0 = Debug|Any CPU
		{7036C133-8402-4ECA-8547-5A926AF6B40C}.Debug|x64.ActiveCfg = Debug|Any CPU
		{7036C133-8402-4ECA-8547-5A926AF6B40C}.Debug|x64.Build.0 = Debug|Any CPU
		{7036C133-8402-4ECA-8547-5A926AF6B40C}.Debug|x86.ActiveCfg = Debug|Any CPU
		{7036C133-8402-4ECA-8547-5A926AF6B40C}.Debug|x86.Build.0 = Debug|Any CPU
		{7036C133-8402-4ECA-8547-5A926AF6B40C}.Release|Any CPU.ActiveCfg = Release|Any CPU
		{7036C133-8402-4ECA-8547-5A926AF6B40C}.Release|Any CPU.Build.0 = Release|Any CPU
		{7036C133-8402-4ECA-8547-5A926AF6B40C}.Release|x64.ActiveCfg = Release|Any CPU
		{7036C133-8402-4ECA-8547-5A926AF6B40C}.Release|x64.Build.0 = Release|Any CPU
		{7036C133-8402-4ECA-8547-5A926AF6B40C}.Release|x86.ActiveCfg = Release|Any CPU
		{7036C133-8402-4ECA-8547-5A926AF6B40C}.Release|x86.Build.0 = Release|Any CPU
	EndGlobalSection
	GlobalSection(SolutionProperties) = preSolution
		HideSolutionNode = FALSE
	EndGlobalSection
	GlobalSection(NestedProjects) = preSolution
		{2CEC881B-AF31-ED73-E6AF-C36B1742B43E} = {827E0CD3-B72D-47B6-A68D-7590B98EB39B}
		{B94D8A0E-866F-BF95-0A61-B46ADE98C806} = {2CEC881B-AF31-ED73-E6AF-C36B1742B43E}
		{346330DA-B007-4981-9DD3-3B7E144AB72B} = {B94D8A0E-866F-BF95-0A61-B46ADE98C806}
		{D339CCB9-7C63-2786-9C0A-F42838902603} = {827E0CD3-B72D-47B6-A68D-7590B98EB39B}
		{F375060F-0ED0-A804-BF56-D775E198299A} = {D339CCB9-7C63-2786-9C0A-F42838902603}
		{1BDF75C8-4D7F-4CDD-89CC-6C03F516648D} = {F375060F-0ED0-A804-BF56-D775E198299A}
		{248C09D6-89A3-0D67-0359-A0E32E3ACF95} = {827E0CD3-B72D-47B6-A68D-7590B98EB39B}
		{61E06EE1-9ABB-3729-4441-F53CD38E8A30} = {248C09D6-89A3-0D67-0359-A0E32E3ACF95}
		{184BEF36-B9F6-4C7E-8BB3-5843BD48FBDC} = {61E06EE1-9ABB-3729-4441-F53CD38E8A30}
		{72E038BF-8D2B-408F-8F5B-89FEDB5FF471} = {61E06EE1-9ABB-3729-4441-F53CD38E8A30}
		{5D83E94B-9E63-468A-BB64-2C4F586116B0} = {61E06EE1-9ABB-3729-4441-F53CD38E8A30}
		{9519C499-5F55-484D-9F9B-38CA0A9A8B1A} = {61E06EE1-9ABB-3729-4441-F53CD38E8A30}
		{CDEF08B2-1A22-759D-90A0-EEB4677F3C88} = {248C09D6-89A3-0D67-0359-A0E32E3ACF95}
		{7B877E12-0A6D-4FA3-B638-D33E5CA2E879} = {CDEF08B2-1A22-759D-90A0-EEB4677F3C88}
		{7114BF16-73A6-4A63-BF24-2BBF9381EA4C} = {CDEF08B2-1A22-759D-90A0-EEB4677F3C88}
		{8B99B2A0-187D-446A-B8F5-725F269851A9} = {CDEF08B2-1A22-759D-90A0-EEB4677F3C88}
		{AD5331A0-A729-4932-952B-D6B2D20672E4} = {CDEF08B2-1A22-759D-90A0-EEB4677F3C88}
		{EC936560-87C0-5F9E-EDCB-069D3A6E7A19} = {248C09D6-89A3-0D67-0359-A0E32E3ACF95}
		{4322D201-ACC3-4701-A79D-980F3EF71058} = {EC936560-87C0-5F9E-EDCB-069D3A6E7A19}
		{CEF3AAEC-88AA-485A-8BE6-8E48E40FA9D1} = {EC936560-87C0-5F9E-EDCB-069D3A6E7A19}
		{12950C6D-CE04-4290-9E91-360CBB4FC475} = {EC936560-87C0-5F9E-EDCB-069D3A6E7A19}
		{7036C133-8402-4ECA-8547-5A926AF6B40C} = {EC936560-87C0-5F9E-EDCB-069D3A6E7A19}
	EndGlobalSection
EndGlobal
